
Microsoft Visual Studio Solution File, Format Version 12.00
# Visual Studio Version 16
VisualStudioVersion = 16.0.30907.101
MinimumVisualStudioVersion = 10.0.40219.1
Project("{FAE04EC0-301F-11D3-BF4B-00C04F79EFBC}") = "Chourbot_vacuum", "Chourbot_vacuum.csproj", "{18A44250-062C-42C8-A348-5BD502B6BA88}"
EndProject
Global
	GlobalSection(SolutionConfigurationPlatforms) = preSolution
		Debug|Any CPU = Debug|Any CPU
		Release|Any CPU = Release|Any CPU
	EndGlobalSection
	GlobalSection(ProjectConfigurationPlatforms) = postSolution
		{18A44250-062C-42C8-A348-5BD502B6BA88}.Debug|Any CPU.ActiveCfg = Debug|Any CPU
		{18A44250-062C-42C8-A348-5BD502B6BA88}.Debug|Any CPU.Build.0 = Debug|Any CPU
		{18A44250-062C-42C8-A348-5BD502B6BA88}.Release|Any CPU.ActiveCfg = Release|Any CPU
		{18A44250-062C-42C8-A348-5BD502B6BA88}.Release|Any CPU.Build.0 = Release|Any CPU
	EndGlobalSection
	GlobalSection(SolutionProperties) = preSolution
		HideSolutionNode = FALSE
	EndGlobalSection
	GlobalSection(ExtensibilityGlobals) = postSolution
		SolutionGuid = {D8843C23-56B0-4737-876C-AD7DB42B3827}
	EndGlobalSection
EndGlobal
